
Microsoft Visual Studio Solution File, Format Version 12.00
# Visual Studio 14
VisualStudioVersion = 14.0.23107.0
MinimumVisualStudioVersion = 10.0.40219.1
Project("{FAE04EC0-301F-11D3-BF4B-00C04F79EFBC}") = "SharedClasses", "SharedClasses\SharedClasses.csproj", "{2C2CAB7D-206B-444E-9700-F7A598BAAFF6}"
EndProject
Project("{FAE04EC0-301F-11D3-BF4B-00C04F79EFBC}") = "Updater", "Updater\Updater.csproj", "{6AF99BB4-393D-470C-BF32-1C5486094423}"
EndProject
Project("{FAE04EC0-301F-11D3-BF4B-00C04F79EFBC}") = "Galaxy++ Editor", "Galaxy Editor 2\Galaxy++ Editor.csproj", "{F280F7B2-DD21-459A-8BDC-ED3CD43855FE}"
EndProject
Global
	GlobalSection(SolutionConfigurationPlatforms) = preSolution
		Debug|Any CPU = Debug|Any CPU
		Debug|Mixed Platforms = Debug|Mixed Platforms
		Debug|x64 = Debug|x64
		Debug|x86 = Debug|x86
		Release|Any CPU = Release|Any CPU
		Release|Mixed Platforms = Release|Mixed Platforms
		Release|x64 = Release|x64
		Release|x86 = Release|x86
	EndGlobalSection
	GlobalSection(ProjectConfigurationPlatforms) = postSolution
		{2C2CAB7D-206B-444E-9700-F7A598BAAFF6}.Debug|Any CPU.ActiveCfg = Debug|Any CPU
		{2C2CAB7D-206B-444E-9700-F7A598BAAFF6}.Debug|Any CPU.Build.0 = Debug|Any CPU
		{2C2CAB7D-206B-444E-9700-F7A598BAAFF6}.Debug|Mixed Platforms.ActiveCfg = Debug|Any CPU
		{2C2CAB7D-206B-444E-9700-F7A598BAAFF6}.Debug|Mixed Platforms.Build.0 = Debug|Any CPU
		{2C2CAB7D-206B-444E-9700-F7A598BAAFF6}.Debug|x64.ActiveCfg = Debug|Any CPU
		{2C2CAB7D-206B-444E-9700-F7A598BAAFF6}.Debug|x86.ActiveCfg = Debug|Any CPU
		{2C2CAB7D-206B-444E-9700-F7A598BAAFF6}.Release|Any CPU.ActiveCfg = Release|Any CPU
		{2C2CAB7D-206B-444E-9700-F7A598BAAFF6}.Release|Any CPU.Build.0 = Release|Any CPU
		{2C2CAB7D-206B-444E-9700-F7A598BAAFF6}.Release|Mixed Platforms.ActiveCfg = Release|Any CPU
		{2C2CAB7D-206B-444E-9700-F7A598BAAFF6}.Release|Mixed Platforms.Build.0 = Release|Any CPU
		{2C2CAB7D-206B-444E-9700-F7A598BAAFF6}.Release|x64.ActiveCfg = Release|Any CPU
		{2C2CAB7D-206B-444E-9700-F7A598BAAFF6}.Release|x86.ActiveCfg = Release|Any CPU
		{6AF99BB4-393D-470C-BF32-1C5486094423}.Debug|Any CPU.ActiveCfg = Debug|x86
		{6AF99BB4-393D-470C-BF32-1C5486094423}.Debug|Mixed Platforms.ActiveCfg = Debug|x86
		{6AF99BB4-393D-470C-BF32-1C5486094423}.Debug|Mixed Platforms.Build.0 = Debug|x86
		{6AF99BB4-393D-470C-BF32-1C5486094423}.Debug|x64.ActiveCfg = Debug|x64
		{6AF99BB4-393D-470C-BF32-1C5486094423}.Debug|x64.Build.0 = Debug|x64
		{6AF99BB4-393D-470C-BF32-1C5486094423}.Debug|x86.ActiveCfg = Debug|x86
		{6AF99BB4-393D-470C-BF32-1C5486094423}.Debug|x86.Build.0 = Debug|x86
		{6AF99BB4-393D-470C-BF32-1C5486094423}.Release|Any CPU.ActiveCfg = Release|x86
		{6AF99BB4-393D-470C-BF32-1C5486094423}.Release|Mixed Platforms.ActiveCfg = Release|x86
		{6AF99BB4-393D-470C-BF32-1C5486094423}.Release|Mixed Platforms.Build.0 = Release|x86
		{6AF99BB4-393D-470C-BF32-1C5486094423}.Release|x64.ActiveCfg = Release|x64
		{6AF99BB4-393D-470C-BF32-1C5486094423}.Release|x64.Build.0 = Release|x64
		{6AF99BB4-393D-470C-BF32-1C5486094423}.Release|x86.ActiveCfg = Release|x86
		{6AF99BB4-393D-470C-BF32-1C5486094423}.Release|x86.Build.0 = Release|x86
		{F280F7B2-DD21-459A-8BDC-ED3CD43855FE}.Debug|Any CPU.ActiveCfg = Debug|x86
		{F280F7B2-DD21-459A-8BDC-ED3CD43855FE}.Debug|Mixed Platforms.ActiveCfg = Debug|x86
		{F280F7B2-DD21-459A-8BDC-ED3CD43855FE}.Debug|Mixed Platforms.Build.0 = Debug|x86
		{F280F7B2-DD21-459A-8BDC-ED3CD43855FE}.Debug|x64.ActiveCfg = Debug|x64
		{F280F7B2-DD21-459A-8BDC-ED3CD43855FE}.Debug|x64.Build.0 = Debug|x64
		{F280F7B2-DD21-459A-8BDC-ED3CD43855FE}.Debug|x86.ActiveCfg = Debug|x86
		{F280F7B2-DD21-459A-8BDC-ED3CD43855FE}.Debug|x86.Build.0 = Debug|x86
		{F280F7B2-DD21-459A-8BDC-ED3CD43855FE}.Release|Any CPU.ActiveCfg = Release|x86
		{F280F7B2-DD21-459A-8BDC-ED3CD43855FE}.Release|Mixed Platforms.ActiveCfg = Release|x86
		{F280F7B2-DD21-459A-8BDC-ED3CD43855FE}.Release|Mixed Platforms.Build.0 = Release|x86
		{F280F7B2-DD21-459A-8BDC-ED3CD43855FE}.Release|x64.ActiveCfg = Release|x64
		{F280F7B2-DD21-459A-8BDC-ED3CD43855FE}.Release|x64.Build.0 = Release|x64
		{F280F7B2-DD21-459A-8BDC-ED3CD43855FE}.Release|x86.ActiveCfg = Release|x86
		{F280F7B2-DD21-459A-8BDC-ED3CD43855FE}.Release|x86.Build.0 = Release|x86
	EndGlobalSection
	GlobalSection(SolutionProperties) = preSolution
		HideSolutionNode = FALSE
	EndGlobalSection
	GlobalSection(SubversionScc) = preSolution
		Svn-Managed = True
		Manager = AnkhSVN - Subversion Support for Visual Studio
	EndGlobalSection
EndGlobal
